<Solution>
  <Folder Name="/src/">
    <Project Path="src/FinanceApp.AI/FinanceApp.AI.csproj" />
    <Project Path="src/FinanceApp.Core/FinanceApp.Core.csproj" />
    <Project Path="src/FinanceApp.McpServer/FinanceApp.McpServer.csproj" />
    <Project Path="src/FinanceApp.Skills/FinanceApp.Skills.csproj" />
    <Project Path="src/FinanceApp.Web/FinanceApp.Web.csproj" />
  </Folder>
  <Folder Name="/tests/">
    <Project Path="tests/FinanceApp.AI.Tests/FinanceApp.AI.Tests.csproj" />
    <Project Path="tests/FinanceApp.McpServer.Tests/FinanceApp.McpServer.Tests.csproj" />
    <Project Path="tests/FinanceApp.Skills.Tests/FinanceApp.Skills.Tests.csproj" />
    <Project Path="tests/FinanceApp.Web.Tests/FinanceApp.Web.Tests.csproj" />
  </Folder>
</Solution>
